[[package]]
name = "altgraph"
version = "0.17.2"
description = "Python graph (network) package"
category = "dev"
optional = false
python-versions = "*"

[[package]]
name = "atomicwrites"
version = "1.4.0"
description = "Atomic file writes."
category = "dev"
optional = false
python-versions = ">=2.7, !=3.0.*, !=3.1.*, !=3.2.*, !=3.3.*"

[[package]]
name = "attrs"
version = "21.4.0"
description = "Classes Without Boilerplate"
category = "dev"
optional = false
python-versions = ">=2.7, !=3.0.*, !=3.1.*, !=3.2.*, !=3.3.*, !=3.4.*"

[package.extras]
dev = ["coverage[toml] (>=5.0.2)", "hypothesis", "pympler", "pytest (>=4.3.0)", "six", "mypy", "pytest-mypy-plugins", "zope.interface", "furo", "sphinx", "sphinx-notfound-page", "pre-commit", "cloudpickle"]
docs = ["furo", "sphinx", "zope.interface", "sphinx-notfound-page"]
tests = ["coverage[toml] (>=5.0.2)", "hypothesis", "pympler", "pytest (>=4.3.0)", "six", "mypy", "pytest-mypy-plugins", "zope.interface", "cloudpickle"]
tests_no_zope = ["coverage[toml] (>=5.0.2)", "hypothesis", "pympler", "pytest (>=4.3.0)", "six", "mypy", "pytest-mypy-plugins", "cloudpickle"]

[[package]]
name = "cffi"
version = "1.15.0"
description = "Foreign Function Interface for Python calling C code."
category = "main"
optional = false
python-versions = "*"

[package.dependencies]
pycparser = "*"

[[package]]
name = "click"
version = "8.0.4"
description = "Composable command line interface toolkit"
category = "main"
optional = false
python-versions = ">=3.6"

[package.dependencies]
colorama = {version = "*", markers = "platform_system == \"Windows\""}

[[package]]
name = "colorama"
version = "0.4.4"
description = "Cross-platform colored terminal text."
category = "main"
optional = false
python-versions = ">=2.7, !=3.0.*, !=3.1.*, !=3.2.*, !=3.3.*, !=3.4.*"

[[package]]
name = "cryptography"
version = "36.0.2"
description = "cryptography is a package which provides cryptographic recipes and primitives to Python developers."
category = "main"
optional = false
python-versions = ">=3.6"

[package.dependencies]
cffi = ">=1.12"

[package.extras]
docs = ["sphinx (>=1.6.5,!=1.8.0,!=3.1.0,!=3.1.1)", "sphinx-rtd-theme"]
docstest = ["pyenchant (>=1.6.11)", "twine (>=1.12.0)", "sphinxcontrib-spelling (>=4.0.1)"]
pep8test = ["black", "flake8", "flake8-import-order", "pep8-naming"]
sdist = ["setuptools_rust (>=0.11.4)"]
ssh = ["bcrypt (>=3.1.5)"]
test = ["pytest (>=6.2.0)", "pytest-cov", "pytest-subtests", "pytest-xdist", "pretend", "iso8601", "pytz", "hypothesis (>=1.11.4,!=3.79.2)"]

[[package]]
name = "fido2"
version = "1.0.0-dev0"
description = "FIDO2/WebAuthn library for implementing clients and servers."
category = "main"
optional = false
python-versions = "^3.6"
develop = false

[package.dependencies]
cryptography = ">=2.1, !=35, <39"

[package.extras]
pcsc = ["pyscard (>=1.9,<3.0.0)"]

[package.source]
type = "git"
url = "https://github.com/Yubico/python-fido2.git"
reference = "fd30409"
resolved_reference = "fd30409b032a75ff879f444f4e43b2ce00a02fbe"

[[package]]
name = "future"
version = "0.18.2"
description = "Clean single-source support for Python 3 and 2"
category = "dev"
optional = false
python-versions = ">=2.6, !=3.0.*, !=3.1.*, !=3.2.*"

[[package]]
name = "importlib-metadata"
version = "4.11.3"
description = "Read metadata from Python packages"
category = "main"
optional = false
python-versions = ">=3.7"

[package.dependencies]
zipp = ">=0.5"

[package.extras]
docs = ["sphinx", "jaraco.packaging (>=9)", "rst.linker (>=1.9)"]
perf = ["ipython"]
testing = ["pytest (>=6)", "pytest-checkdocs (>=2.4)", "pytest-flake8", "pytest-cov", "pytest-enabler (>=1.0.1)", "packaging", "pyfakefs", "flufl.flake8", "pytest-perf (>=0.9.2)", "pytest-black (>=0.3.7)", "pytest-mypy (>=0.9.1)", "importlib-resources (>=1.3)"]

[[package]]
name = "iniconfig"
version = "1.1.1"
description = "iniconfig: brain-dead simple config-ini parsing"
category = "dev"
optional = false
python-versions = "*"

[[package]]
name = "jeepney"
version = "0.7.1"
description = "Low-level, pure Python DBus protocol wrapper."
category = "main"
optional = false
python-versions = ">=3.6"

[package.extras]
test = ["pytest", "pytest-trio", "pytest-asyncio", "testpath", "trio", "async-timeout"]
trio = ["trio", "async-generator"]

[[package]]
name = "keyring"
version = "23.5.0"
description = "Store and access your passwords safely."
category = "main"
optional = false
python-versions = ">=3.7"

[package.dependencies]
importlib-metadata = ">=3.6"
jeepney = {version = ">=0.4.2", markers = "sys_platform == \"linux\""}
pywin32-ctypes = {version = "<0.1.0 || >0.1.0,<0.1.1 || >0.1.1", markers = "sys_platform == \"win32\""}
SecretStorage = {version = ">=3.2", markers = "sys_platform == \"linux\""}

[package.extras]
docs = ["sphinx", "jaraco.packaging (>=8.2)", "rst.linker (>=1.9)", "jaraco.tidelift (>=1.4)"]
testing = ["pytest (>=6)", "pytest-checkdocs (>=2.4)", "pytest-flake8", "pytest-cov", "pytest-enabler (>=1.0.1)", "pytest-black (>=0.3.7)", "pytest-mypy"]

[[package]]
name = "macholib"
version = "1.16"
description = "Mach-O header analysis and editing"
category = "dev"
optional = false
python-versions = "*"

[package.dependencies]
altgraph = ">=0.15"

[[package]]
name = "mss"
version = "6.1.0"
description = "An ultra fast cross-platform multiple screenshots module in pure python using ctypes."
category = "main"
optional = false
python-versions = ">=3.5"

[[package]]
name = "numpy"
version = "1.22.3"
description = "NumPy is the fundamental package for array computing with Python."
category = "main"
optional = false
python-versions = ">=3.8"

[[package]]
name = "packaging"
version = "21.3"
description = "Core utilities for Python packages"
category = "dev"
optional = false
python-versions = ">=3.6"

[package.dependencies]
pyparsing = ">=2.0.2,<3.0.5 || >3.0.5"

[[package]]
name = "pefile"
version = "2021.9.3"
description = "Python PE parsing module"
category = "dev"
optional = false
python-versions = ">=3.6.0"

[package.dependencies]
future = "*"

[[package]]
name = "pillow"
version = "9.0.1"
description = "Python Imaging Library (Fork)"
category = "main"
optional = false
python-versions = ">=3.7"

[[package]]
name = "pluggy"
version = "1.0.0"
description = "plugin and hook calling mechanisms for python"
category = "dev"
optional = false
python-versions = ">=3.6"

[package.extras]
dev = ["pre-commit", "tox"]
testing = ["pytest", "pytest-benchmark"]

[[package]]
name = "py"
version = "1.11.0"
description = "library with cross-python path, ini-parsing, io, code, log facilities"
category = "dev"
optional = false
python-versions = ">=2.7, !=3.0.*, !=3.1.*, !=3.2.*, !=3.3.*, !=3.4.*"

[[package]]
name = "pycparser"
version = "2.21"
description = "C parser in Python"
category = "main"
optional = false
python-versions = ">=2.7, !=3.0.*, !=3.1.*, !=3.2.*, !=3.3.*"

[[package]]
name = "pyinstaller"
version = "4.10"
description = "PyInstaller bundles a Python application and all its dependencies into a single package."
category = "dev"
optional = false
python-versions = "<3.11,>=3.6"

[package.dependencies]
altgraph = "*"
macholib = {version = ">=1.8", markers = "sys_platform == \"darwin\""}
pefile = {version = ">=2017.8.1", markers = "sys_platform == \"win32\""}
pyinstaller-hooks-contrib = ">=2020.6"
pywin32-ctypes = {version = ">=0.2.0", markers = "sys_platform == \"win32\""}

[package.extras]
encryption = ["tinyaes (>=1.0.0)"]
hook_testing = ["pytest (>=2.7.3)", "execnet (>=1.5.0)", "psutil"]

[[package]]
name = "pyinstaller-hooks-contrib"
version = "2022.3"
description = "Community maintained hooks for PyInstaller"
category = "dev"
optional = false
python-versions = ">=3.7"

[[package]]
name = "pyparsing"
version = "3.0.7"
description = "Python parsing module"
category = "dev"
optional = false
python-versions = ">=3.6"

[package.extras]
diagrams = ["jinja2", "railroad-diagrams"]

[[package]]
name = "pyscard"
version = "2.0.3"
description = "Smartcard module for Python."
category = "main"
optional = false
python-versions = "*"

[package.extras]
Gui = ["wxpython"]
Pyro = ["pyro"]

[[package]]
name = "pytest"
version = "7.1.1"
description = "pytest: simple powerful testing with Python"
category = "dev"
optional = false
python-versions = ">=3.7"

[package.dependencies]
atomicwrites = {version = ">=1.0", markers = "sys_platform == \"win32\""}
attrs = ">=19.2.0"
colorama = {version = "*", markers = "sys_platform == \"win32\""}
iniconfig = "*"
packaging = "*"
pluggy = ">=0.12,<2.0"
py = ">=1.8.2"
tomli = ">=1.0.0"

[package.extras]
testing = ["argcomplete", "hypothesis (>=3.56)", "mock", "nose", "pygments (>=2.7.2)", "requests", "xmlschema"]

[[package]]
name = "pywin32"
version = "303"
description = "Python for Window Extensions"
category = "main"
optional = false
python-versions = "*"

[[package]]
name = "pywin32-ctypes"
version = "0.2.0"
description = ""
category = "main"
optional = false
python-versions = "*"

[[package]]
name = "secretstorage"
version = "3.3.1"
description = "Python bindings to FreeDesktop.org Secret Service API"
category = "main"
optional = false
python-versions = ">=3.6"

[package.dependencies]
cryptography = ">=2.0"
jeepney = ">=0.6"

[[package]]
name = "tomli"
version = "2.0.1"
description = "A lil' TOML parser"
category = "dev"
optional = false
python-versions = ">=3.7"

[[package]]
name = "yubikey-manager"
version = "5.0.0-dev0"
description = "Tool for managing your YubiKey configuration."
category = "main"
optional = false
python-versions = "^3.6"
develop = false

[package.dependencies]
click = "^6.0 || ^7.0 || ^8.0"
cryptography = ">=2.5, <39"
fido2 = ">=0.9, <2.0"
keyring = "^23.4"
pyscard = "^1.9 || ^2.0"
pywin32 = {version = ">=223", markers = "sys_platform == \"win32\""}

[package.source]
type = "git"
url = "https://github.com/Yubico/yubikey-manager.git"
reference = "22a72b2"
resolved_reference = "22a72b23b2cb8a52001bf23b770e0045956bdeb7"

[[package]]
name = "zipp"
version = "3.7.0"
description = "Backport of pathlib-compatible object wrapper for zip files"
category = "main"
optional = false
python-versions = ">=3.7"

[package.extras]
docs = ["sphinx", "jaraco.packaging (>=8.2)", "rst.linker (>=1.9)"]
testing = ["pytest (>=6)", "pytest-checkdocs (>=2.4)", "pytest-flake8", "pytest-cov", "pytest-enabler (>=1.0.1)", "jaraco.itertools", "func-timeout", "pytest-black (>=0.3.7)", "pytest-mypy"]

[[package]]
name = "zxing-cpp"
version = "1.2.0"
description = "Python bindings for the zxing-cpp barcode library"
category = "main"
optional = false
python-versions = ">=3.6"

[package.dependencies]
numpy = "*"

[metadata]
lock-version = "1.1"
python-versions = "^3.8"
content-hash = "2b8b3413c3ad288a38aa9c3d573f895b0c4cc5435a80cc182c5c682a7258e472"

[metadata.files]
altgraph = [
    {file = "altgraph-0.17.2-py2.py3-none-any.whl", hash = "sha256:743628f2ac6a7c26f5d9223c91ed8ecbba535f506f4b6f558885a8a56a105857"},
    {file = "altgraph-0.17.2.tar.gz", hash = "sha256:ebf2269361b47d97b3b88e696439f6e4cbc607c17c51feb1754f90fb79839158"},
]
atomicwrites = [
    {file = "atomicwrites-1.4.0-py2.py3-none-any.whl", hash = "sha256:6d1784dea7c0c8d4a5172b6c620f40b6e4cbfdf96d783691f2e1302a7b88e197"},
    {file = "atomicwrites-1.4.0.tar.gz", hash = "sha256:ae70396ad1a434f9c7046fd2dd196fc04b12f9e91ffb859164193be8b6168a7a"},
]
attrs = [
    {file = "attrs-21.4.0-py2.py3-none-any.whl", hash = "sha256:2d27e3784d7a565d36ab851fe94887c5eccd6a463168875832a1be79c82828b4"},
    {file = "attrs-21.4.0.tar.gz", hash = "sha256:626ba8234211db98e869df76230a137c4c40a12d72445c45d5f5b716f076e2fd"},
]
cffi = [
    {file = "cffi-1.15.0-cp27-cp27m-macosx_10_9_x86_64.whl", hash = "sha256:c2502a1a03b6312837279c8c1bd3ebedf6c12c4228ddbad40912d671ccc8a962"},
    {file = "cffi-1.15.0-cp27-cp27m-manylinux1_i686.whl", hash = "sha256:23cfe892bd5dd8941608f93348c0737e369e51c100d03718f108bf1add7bd6d0"},
    {file = "cffi-1.15.0-cp27-cp27m-manylinux1_x86_64.whl", hash = "sha256:41d45de54cd277a7878919867c0f08b0cf817605e4eb94093e7516505d3c8d14"},
    {file = "cffi-1.15.0-cp27-cp27m-win32.whl", hash = "sha256:4a306fa632e8f0928956a41fa8e1d6243c71e7eb59ffbd165fc0b41e316b2474"},
    {file = "cffi-1.15.0-cp27-cp27m-win_amd64.whl", hash = "sha256:e7022a66d9b55e93e1a845d8c9eba2a1bebd4966cd8bfc25d9cd07d515b33fa6"},
    {file = "cffi-1.15.0-cp27-cp27mu-manylinux1_i686.whl", hash = "sha256:14cd121ea63ecdae71efa69c15c5543a4b5fbcd0bbe2aad864baca0063cecf27"},
    {file = "cffi-1.15.0-cp27-cp27mu-manylinux1_x86_64.whl", hash = "sha256:d4d692a89c5cf08a8557fdeb329b82e7bf609aadfaed6c0d79f5a449a3c7c023"},
    {file = "cffi-1.15.0-cp310-cp310-macosx_10_9_x86_64.whl", hash = "sha256:0104fb5ae2391d46a4cb082abdd5c69ea4eab79d8d44eaaf79f1b1fd806ee4c2"},
    {file = "cffi-1.15.0-cp310-cp310-macosx_11_0_arm64.whl", hash = "sha256:91ec59c33514b7c7559a6acda53bbfe1b283949c34fe7440bcf917f96ac0723e"},
    {file = "cffi-1.15.0-cp310-cp310-manylinux_2_12_i686.manylinux2010_i686.whl", hash = "sha256:f5c7150ad32ba43a07c4479f40241756145a1f03b43480e058cfd862bf5041c7"},
    {file = "cffi-1.15.0-cp310-cp310-manylinux_2_12_x86_64.manylinux2010_x86_64.whl", hash = "sha256:00c878c90cb53ccfaae6b8bc18ad05d2036553e6d9d1d9dbcf323bbe83854ca3"},
    {file = "cffi-1.15.0-cp310-cp310-manylinux_2_17_aarch64.manylinux2014_aarch64.whl", hash = "sha256:abb9a20a72ac4e0fdb50dae135ba5e77880518e742077ced47eb1499e29a443c"},
    {file = "cffi-1.15.0-cp310-cp310-manylinux_2_17_ppc64le.manylinux2014_ppc64le.whl", hash = "sha256:a5263e363c27b653a90078143adb3d076c1a748ec9ecc78ea2fb916f9b861962"},
    {file = "cffi-1.15.0-cp310-cp310-manylinux_2_17_s390x.manylinux2014_s390x.whl", hash = "sha256:f54a64f8b0c8ff0b64d18aa76675262e1700f3995182267998c31ae974fbc382"},
    {file = "cffi-1.15.0-cp310-cp310-win32.whl", hash = "sha256:c21c9e3896c23007803a875460fb786118f0cdd4434359577ea25eb556e34c55"},
    {file = "cffi-1.15.0-cp310-cp310-win_amd64.whl", hash = "sha256:5e069f72d497312b24fcc02073d70cb989045d1c91cbd53979366077959933e0"},
    {file = "cffi-1.15.0-cp36-cp36m-macosx_10_9_x86_64.whl", hash = "sha256:64d4ec9f448dfe041705426000cc13e34e6e5bb13736e9fd62e34a0b0c41566e"},
    {file = "cffi-1.15.0-cp36-cp36m-manylinux_2_17_aarch64.manylinux2014_aarch64.whl", hash = "sha256:2756c88cbb94231c7a147402476be2c4df2f6078099a6f4a480d239a8817ae39"},
    {file = "cffi-1.15.0-cp36-cp36m-manylinux_2_17_ppc64le.manylinux2014_ppc64le.whl", hash = "sha256:3b96a311ac60a3f6be21d2572e46ce67f09abcf4d09344c49274eb9e0bf345fc"},
    {file = "cffi-1.15.0-cp36-cp36m-manylinux_2_17_s390x.manylinux2014_s390x.whl", hash = "sha256:75e4024375654472cc27e91cbe9eaa08567f7fbdf822638be2814ce059f58032"},
    {file = "cffi-1.15.0-cp36-cp36m-manylinux_2_5_i686.manylinux1_i686.whl", hash = "sha256:59888172256cac5629e60e72e86598027aca6bf01fa2465bdb676d37636573e8"},
    {file = "cffi-1.15.0-cp36-cp36m-manylinux_2_5_x86_64.manylinux1_x86_64.whl", hash = "sha256:27c219baf94952ae9d50ec19651a687b826792055353d07648a5695413e0c605"},
    {file = "cffi-1.15.0-cp36-cp36m-win32.whl", hash = "sha256:4958391dbd6249d7ad855b9ca88fae690783a6be9e86df65865058ed81fc860e"},
    {file = "cffi-1.15.0-cp36-cp36m-win_amd64.whl", hash = "sha256:f6f824dc3bce0edab5f427efcfb1d63ee75b6fcb7282900ccaf925be84efb0fc"},
    {file = "cffi-1.15.0-cp37-cp37m-macosx_10_9_x86_64.whl", hash = "sha256:06c48159c1abed75c2e721b1715c379fa3200c7784271b3c46df01383b593636"},
    {file = "cffi-1.15.0-cp37-cp37m-manylinux_2_12_i686.manylinux2010_i686.whl", hash = "sha256:c2051981a968d7de9dd2d7b87bcb9c939c74a34626a6e2f8181455dd49ed69e4"},
    {file = "cffi-1.15.0-cp37-cp37m-manylinux_2_12_x86_64.manylinux2010_x86_64.whl", hash = "sha256:fd8a250edc26254fe5b33be00402e6d287f562b6a5b2152dec302fa15bb3e997"},
    {file = "cffi-1.15.0-cp37-cp37m-manylinux_2_17_aarch64.manylinux2014_aarch64.whl", hash = "sha256:91d77d2a782be4274da750752bb1650a97bfd8f291022b379bb8e01c66b4e96b"},
    {file = "cffi-1.15.0-cp37-cp37m-manylinux_2_17_ppc64le.manylinux2014_ppc64le.whl", hash = "sha256:45db3a33139e9c8f7c09234b5784a5e33d31fd6907800b316decad50af323ff2"},
    {file = "cffi-1.15.0-cp37-cp37m-manylinux_2_17_s390x.manylinux2014_s390x.whl", hash = "sha256:263cc3d821c4ab2213cbe8cd8b355a7f72a8324577dc865ef98487c1aeee2bc7"},
    {file = "cffi-1.15.0-cp37-cp37m-win32.whl", hash = "sha256:17771976e82e9f94976180f76468546834d22a7cc404b17c22df2a2c81db0c66"},
    {file = "cffi-1.15.0-cp37-cp37m-win_amd64.whl", hash = "sha256:3415c89f9204ee60cd09b235810be700e993e343a408693e80ce7f6a40108029"},
    {file = "cffi-1.15.0-cp38-cp38-macosx_10_9_x86_64.whl", hash = "sha256:4238e6dab5d6a8ba812de994bbb0a79bddbdf80994e4ce802b6f6f3142fcc880"},
    {file = "cffi-1.15.0-cp38-cp38-manylinux_2_12_i686.manylinux2010_i686.whl", hash = "sha256:0808014eb713677ec1292301ea4c81ad277b6cdf2fdd90fd540af98c0b101d20"},
    {file = "cffi-1.15.0-cp38-cp38-manylinux_2_12_x86_64.manylinux2010_x86_64.whl", hash = "sha256:57e9ac9ccc3101fac9d6014fba037473e4358ef4e89f8e181f8951a2c0162024"},
    {file = "cffi-1.15.0-cp38-cp38-manylinux_2_17_aarch64.manylinux2014_aarch64.whl", hash = "sha256:8b6c2ea03845c9f501ed1313e78de148cd3f6cad741a75d43a29b43da27f2e1e"},
    {file = "cffi-1.15.0-cp38-cp38-manylinux_2_17_ppc64le.manylinux2014_ppc64le.whl", hash = "sha256:10dffb601ccfb65262a27233ac273d552ddc4d8ae1bf93b21c94b8511bffe728"},
    {file = "cffi-1.15.0-cp38-cp38-manylinux_2_17_s390x.manylinux2014_s390x.whl", hash = "sha256:786902fb9ba7433aae840e0ed609f45c7bcd4e225ebb9c753aa39725bb3e6ad6"},
    {file = "cffi-1.15.0-cp38-cp38-win32.whl", hash = "sha256:da5db4e883f1ce37f55c667e5c0de439df76ac4cb55964655906306918e7363c"},
    {file = "cffi-1.15.0-cp38-cp38-win_amd64.whl", hash = "sha256:181dee03b1170ff1969489acf1c26533710231c58f95534e3edac87fff06c443"},
    {file = "cffi-1.15.0-cp39-cp39-macosx_10_9_x86_64.whl", hash = "sha256:45e8636704eacc432a206ac7345a5d3d2c62d95a507ec70d62f23cd91770482a"},
    {file = "cffi-1.15.0-cp39-cp39-macosx_11_0_arm64.whl", hash = "sha256:31fb708d9d7c3f49a60f04cf5b119aeefe5644daba1cd2a0fe389b674fd1de37"},
    {file = "cffi-1.15.0-cp39-cp39-manylinux_2_12_i686.manylinux2010_i686.whl", hash = "sha256:6dc2737a3674b3e344847c8686cf29e500584ccad76204efea14f451d4cc669a"},
    {file = "cffi-1.15.0-cp39-cp39-manylinux_2_12_x86_64.manylinux2010_x86_64.whl", hash = "sha256:74fdfdbfdc48d3f47148976f49fab3251e550a8720bebc99bf1483f5bfb5db3e"},
    {file = "cffi-1.15.0-cp39-cp39-manylinux_2_17_aarch64.manylinux2014_aarch64.whl", hash = "sha256:ffaa5c925128e29efbde7301d8ecaf35c8c60ffbcd6a1ffd3a552177c8e5e796"},
    {file = "cffi-1.15.0-cp39-cp39-manylinux_2_17_ppc64le.manylinux2014_ppc64le.whl", hash = "sha256:3f7d084648d77af029acb79a0ff49a0ad7e9d09057a9bf46596dac9514dc07df"},
    {file = "cffi-1.15.0-cp39-cp39-manylinux_2_17_s390x.manylinux2014_s390x.whl", hash = "sha256:ef1f279350da2c586a69d32fc8733092fd32cc8ac95139a00377841f59a3f8d8"},
    {file = "cffi-1.15.0-cp39-cp39-win32.whl", hash = "sha256:2a23af14f408d53d5e6cd4e3d9a24ff9e05906ad574822a10563efcef137979a"},
    {file = "cffi-1.15.0-cp39-cp39-win_amd64.whl", hash = "sha256:3773c4d81e6e818df2efbc7dd77325ca0dcb688116050fb2b3011218eda36139"},
    {file = "cffi-1.15.0.tar.gz", hash = "sha256:920f0d66a896c2d99f0adbb391f990a84091179542c205fa53ce5787aff87954"},
]
click = [
    {file = "click-8.0.4-py3-none-any.whl", hash = "sha256:6a7a62563bbfabfda3a38f3023a1db4a35978c0abd76f6c9605ecd6554d6d9b1"},
    {file = "click-8.0.4.tar.gz", hash = "sha256:8458d7b1287c5fb128c90e23381cf99dcde74beaf6c7ff6384ce84d6fe090adb"},
]
colorama = [
    {file = "colorama-0.4.4-py2.py3-none-any.whl", hash = "sha256:9f47eda37229f68eee03b24b9748937c7dc3868f906e8ba69fbcbdd3bc5dc3e2"},
    {file = "colorama-0.4.4.tar.gz", hash = "sha256:5941b2b48a20143d2267e95b1c2a7603ce057ee39fd88e7329b0c292aa16869b"},
]
cryptography = [
    {file = "cryptography-36.0.2-cp36-abi3-macosx_10_10_universal2.whl", hash = "sha256:4e2dddd38a5ba733be6a025a1475a9f45e4e41139d1321f412c6b360b19070b6"},
    {file = "cryptography-36.0.2-cp36-abi3-macosx_10_10_x86_64.whl", hash = "sha256:4881d09298cd0b669bb15b9cfe6166f16fc1277b4ed0d04a22f3d6430cb30f1d"},
    {file = "cryptography-36.0.2-cp36-abi3-manylinux_2_12_x86_64.manylinux2010_x86_64.whl", hash = "sha256:ea634401ca02367c1567f012317502ef3437522e2fc44a3ea1844de028fa4b84"},
    {file = "cryptography-36.0.2-cp36-abi3-manylinux_2_17_aarch64.manylinux2014_aarch64.manylinux_2_24_aarch64.whl", hash = "sha256:7be666cc4599b415f320839e36367b273db8501127b38316f3b9f22f17a0b815"},
    {file = "cryptography-36.0.2-cp36-abi3-manylinux_2_17_aarch64.manylinux2014_aarch64.whl", hash = "sha256:8241cac0aae90b82d6b5c443b853723bcc66963970c67e56e71a2609dc4b5eaf"},
    {file = "cryptography-36.0.2-cp36-abi3-manylinux_2_17_x86_64.manylinux2014_x86_64.whl", hash = "sha256:7b2d54e787a884ffc6e187262823b6feb06c338084bbe80d45166a1cb1c6c5bf"},
    {file = "cryptography-36.0.2-cp36-abi3-manylinux_2_24_x86_64.whl", hash = "sha256:c2c5250ff0d36fd58550252f54915776940e4e866f38f3a7866d92b32a654b86"},
    {file = "cryptography-36.0.2-cp36-abi3-musllinux_1_1_aarch64.whl", hash = "sha256:ec6597aa85ce03f3e507566b8bcdf9da2227ec86c4266bd5e6ab4d9e0cc8dab2"},
    {file = "cryptography-36.0.2-cp36-abi3-musllinux_1_1_x86_64.whl", hash = "sha256:ca9f686517ec2c4a4ce930207f75c00bf03d94e5063cbc00a1dc42531511b7eb"},
    {file = "cryptography-36.0.2-cp36-abi3-win32.whl", hash = "sha256:f64b232348ee82f13aac22856515ce0195837f6968aeaa94a3d0353ea2ec06a6"},
    {file = "cryptography-36.0.2-cp36-abi3-win_amd64.whl", hash = "sha256:53e0285b49fd0ab6e604f4c5d9c5ddd98de77018542e88366923f152dbeb3c29"},
    {file = "cryptography-36.0.2-pp37-pypy37_pp73-manylinux_2_12_x86_64.manylinux2010_x86_64.whl", hash = "sha256:32db5cc49c73f39aac27574522cecd0a4bb7384e71198bc65a0d23f901e89bb7"},
    {file = "cryptography-36.0.2-pp37-pypy37_pp73-manylinux_2_17_x86_64.manylinux2014_x86_64.whl", hash = "sha256:d2b3d199647468d410994dbeb8cec5816fb74feb9368aedf300af709ef507e3e"},
    {file = "cryptography-36.0.2-pp37-pypy37_pp73-manylinux_2_24_x86_64.whl", hash = "sha256:da73d095f8590ad437cd5e9faf6628a218aa7c387e1fdf67b888b47ba56a17f0"},
    {file = "cryptography-36.0.2-pp38-pypy38_pp73-macosx_10_10_x86_64.whl", hash = "sha256:0a3bf09bb0b7a2c93ce7b98cb107e9170a90c51a0162a20af1c61c765b90e60b"},
    {file = "cryptography-36.0.2-pp38-pypy38_pp73-manylinux_2_12_x86_64.manylinux2010_x86_64.whl", hash = "sha256:8897b7b7ec077c819187a123174b645eb680c13df68354ed99f9b40a50898f77"},
    {file = "cryptography-36.0.2-pp38-pypy38_pp73-manylinux_2_17_x86_64.manylinux2014_x86_64.whl", hash = "sha256:82740818f2f240a5da8dfb8943b360e4f24022b093207160c77cadade47d7c85"},
    {file = "cryptography-36.0.2-pp38-pypy38_pp73-manylinux_2_24_x86_64.whl", hash = "sha256:1f64a62b3b75e4005df19d3b5235abd43fa6358d5516cfc43d87aeba8d08dd51"},
    {file = "cryptography-36.0.2-pp38-pypy38_pp73-win_amd64.whl", hash = "sha256:e167b6b710c7f7bc54e67ef593f8731e1f45aa35f8a8a7b72d6e42ec76afd4b3"},
    {file = "cryptography-36.0.2.tar.gz", hash = "sha256:70f8f4f7bb2ac9f340655cbac89d68c527af5bb4387522a8413e841e3e6628c9"},
]
fido2 = []
future = [
    {file = "future-0.18.2.tar.gz", hash = "sha256:b1bead90b70cf6ec3f0710ae53a525360fa360d306a86583adc6bf83a4db537d"},
]
importlib-metadata = [
    {file = "importlib_metadata-4.11.3-py3-none-any.whl", hash = "sha256:1208431ca90a8cca1a6b8af391bb53c1a2db74e5d1cef6ddced95d4b2062edc6"},
    {file = "importlib_metadata-4.11.3.tar.gz", hash = "sha256:ea4c597ebf37142f827b8f39299579e31685c31d3a438b59f469406afd0f2539"},
]
iniconfig = [
    {file = "iniconfig-1.1.1-py2.py3-none-any.whl", hash = "sha256:011e24c64b7f47f6ebd835bb12a743f2fbe9a26d4cecaa7f53bc4f35ee9da8b3"},
    {file = "iniconfig-1.1.1.tar.gz", hash = "sha256:bc3af051d7d14b2ee5ef9969666def0cd1a000e121eaea580d4a313df4b37f32"},
]
jeepney = [
    {file = "jeepney-0.7.1-py3-none-any.whl", hash = "sha256:1b5a0ea5c0e7b166b2f5895b91a08c14de8915afda4407fb5022a195224958ac"},
    {file = "jeepney-0.7.1.tar.gz", hash = "sha256:fa9e232dfa0c498bd0b8a3a73b8d8a31978304dcef0515adc859d4e096f96f4f"},
]
keyring = [
    {file = "keyring-23.5.0-py3-none-any.whl", hash = "sha256:b0d28928ac3ec8e42ef4cc227822647a19f1d544f21f96457965dc01cf555261"},
    {file = "keyring-23.5.0.tar.gz", hash = "sha256:9012508e141a80bd1c0b6778d5c610dd9f8c464d75ac6774248500503f972fb9"},
]
macholib = [
    {file = "macholib-1.16-py2.py3-none-any.whl", hash = "sha256:5a0742b587e6e57bfade1ab90651d4877185bf66fd4a176a488116de36878229"},
    {file = "macholib-1.16.tar.gz", hash = "sha256:001bf281279b986a66d7821790d734e61150d52f40c080899df8fefae056e9f7"},
]
mss = [
    {file = "mss-6.1.0-py3-none-any.whl", hash = "sha256:2722c5c9211ce29b4f1497fc2c70faecf9cdcb7653fa7f0f88e2231a31949b93"},
    {file = "mss-6.1.0.tar.gz", hash = "sha256:aebd069f3e05667fe9c7b9fa4b1771fe42a4710ce1058ce0236936ce06fa5394"},
]
numpy = [
    {file = "numpy-1.22.3-cp310-cp310-macosx_10_14_x86_64.whl", hash = "sha256:92bfa69cfbdf7dfc3040978ad09a48091143cffb778ec3b03fa170c494118d75"},
    {file = "numpy-1.22.3-cp310-cp310-macosx_11_0_arm64.whl", hash = "sha256:8251ed96f38b47b4295b1ae51631de7ffa8260b5b087808ef09a39a9d66c97ab"},
    {file = "numpy-1.22.3-cp310-cp310-manylinux_2_17_aarch64.manylinux2014_aarch64.whl", hash = "sha256:48a3aecd3b997bf452a2dedb11f4e79bc5bfd21a1d4cc760e703c31d57c84b3e"},
    {file = "numpy-1.22.3-cp310-cp310-manylinux_2_17_x86_64.manylinux2014_x86_64.whl", hash = "sha256:a3bae1a2ed00e90b3ba5f7bd0a7c7999b55d609e0c54ceb2b076a25e345fa9f4"},
    {file = "numpy-1.22.3-cp310-cp310-win_amd64.whl", hash = "sha256:08d9b008d0156c70dc392bb3ab3abb6e7a711383c3247b410b39962263576cd4"},
    {file = "numpy-1.22.3-cp38-cp38-macosx_10_14_x86_64.whl", hash = "sha256:201b4d0552831f7250a08d3b38de0d989d6f6e4658b709a02a73c524ccc6ffce"},
    {file = "numpy-1.22.3-cp38-cp38-macosx_11_0_arm64.whl", hash = "sha256:f8c1f39caad2c896bc0018f699882b345b2a63708008be29b1f355ebf6f933fe"},
    {file = "numpy-1.22.3-cp38-cp38-manylinux_2_17_aarch64.manylinux2014_aarch64.whl", hash = "sha256:568dfd16224abddafb1cbcce2ff14f522abe037268514dd7e42c6776a1c3f8e5"},
    {file = "numpy-1.22.3-cp38-cp38-manylinux_2_17_x86_64.manylinux2014_x86_64.whl", hash = "sha256:3ca688e1b9b95d80250bca34b11a05e389b1420d00e87a0d12dc45f131f704a1"},
    {file = "numpy-1.22.3-cp38-cp38-win32.whl", hash = "sha256:e7927a589df200c5e23c57970bafbd0cd322459aa7b1ff73b7c2e84d6e3eae62"},
    {file = "numpy-1.22.3-cp38-cp38-win_amd64.whl", hash = "sha256:07a8c89a04997625236c5ecb7afe35a02af3896c8aa01890a849913a2309c676"},
    {file = "numpy-1.22.3-cp39-cp39-macosx_10_14_x86_64.whl", hash = "sha256:2c10a93606e0b4b95c9b04b77dc349b398fdfbda382d2a39ba5a822f669a0123"},
    {file = "numpy-1.22.3-cp39-cp39-macosx_11_0_arm64.whl", hash = "sha256:fade0d4f4d292b6f39951b6836d7a3c7ef5b2347f3c420cd9820a1d90d794802"},
    {file = "numpy-1.22.3-cp39-cp39-manylinux_2_17_aarch64.manylinux2014_aarch64.whl", hash = "sha256:5bfb1bb598e8229c2d5d48db1860bcf4311337864ea3efdbe1171fb0c5da515d"},
    {file = "numpy-1.22.3-cp39-cp39-manylinux_2_17_x86_64.manylinux2014_x86_64.whl", hash = "sha256:97098b95aa4e418529099c26558eeb8486e66bd1e53a6b606d684d0c3616b168"},
    {file = "numpy-1.22.3-cp39-cp39-win32.whl", hash = "sha256:fdf3c08bce27132395d3c3ba1503cac12e17282358cb4bddc25cc46b0aca07aa"},
    {file = "numpy-1.22.3-cp39-cp39-win_amd64.whl", hash = "sha256:639b54cdf6aa4f82fe37ebf70401bbb74b8508fddcf4797f9fe59615b8c5813a"},
    {file = "numpy-1.22.3-pp38-pypy38_pp73-manylinux_2_17_x86_64.manylinux2014_x86_64.whl", hash = "sha256:c34ea7e9d13a70bf2ab64a2532fe149a9aced424cd05a2c4ba662fd989e3e45f"},
    {file = "numpy-1.22.3.zip", hash = "sha256:dbc7601a3b7472d559dc7b933b18b4b66f9aa7452c120e87dfb33d02008c8a18"},
]
packaging = [
    {file = "packaging-21.3-py3-none-any.whl", hash = "sha256:ef103e05f519cdc783ae24ea4e2e0f508a9c99b2d4969652eed6a2e1ea5bd522"},
    {file = "packaging-21.3.tar.gz", hash = "sha256:dd47c42927d89ab911e606518907cc2d3a1f38bbd026385970643f9c5b8ecfeb"},
]
pefile = [
    {file = "pefile-2021.9.3.tar.gz", hash = "sha256:344a49e40a94e10849f0fe34dddc80f773a12b40675bf2f7be4b8be578bdd94a"},
]
pillow = [
    {file = "Pillow-9.0.1-1-cp310-cp310-macosx_11_0_arm64.whl", hash = "sha256:a5d24e1d674dd9d72c66ad3ea9131322819ff86250b30dc5821cbafcfa0b96b4"},
    {file = "Pillow-9.0.1-1-cp38-cp38-macosx_11_0_arm64.whl", hash = "sha256:2632d0f846b7c7600edf53c48f8f9f1e13e62f66a6dbc15191029d950bfed976"},
    {file = "Pillow-9.0.1-1-cp39-cp39-macosx_11_0_arm64.whl", hash = "sha256:b9618823bd237c0d2575283f2939655f54d51b4527ec3972907a927acbcc5bfc"},
    {file = "Pillow-9.0.1-cp310-cp310-macosx_10_10_universal2.whl", hash = "sha256:9bfdb82cdfeccec50aad441afc332faf8606dfa5e8efd18a6692b5d6e79f00fd"},
    {file = "Pillow-9.0.1-cp310-cp310-macosx_11_0_arm64.whl", hash = "sha256:5100b45a4638e3c00e4d2320d3193bdabb2d75e79793af7c3eb139e4f569f16f"},
    {file = "Pillow-9.0.1-cp310-cp310-manylinux_2_17_aarch64.manylinux2014_aarch64.whl", hash = "sha256:528a2a692c65dd5cafc130de286030af251d2ee0483a5bf50c9348aefe834e8a"},
    {file = "Pillow-9.0.1-cp310-cp310-manylinux_2_17_i686.manylinux2014_i686.whl", hash = "sha256:0f29d831e2151e0b7b39981756d201f7108d3d215896212ffe2e992d06bfe049"},
    {file = "Pillow-9.0.1-cp310-cp310-manylinux_2_17_x86_64.manylinux2014_x86_64.whl", hash = "sha256:855c583f268edde09474b081e3ddcd5cf3b20c12f26e0d434e1386cc5d318e7a"},
    {file = "Pillow-9.0.1-cp310-cp310-win32.whl", hash = "sha256:d9d7942b624b04b895cb95af03a23407f17646815495ce4547f0e60e0b06f58e"},
    {file = "Pillow-9.0.1-cp310-cp310-win_amd64.whl", hash = "sha256:81c4b81611e3a3cb30e59b0cf05b888c675f97e3adb2c8672c3154047980726b"},
    {file = "Pillow-9.0.1-cp37-cp37m-macosx_10_10_x86_64.whl", hash = "sha256:413ce0bbf9fc6278b2d63309dfeefe452835e1c78398efb431bab0672fe9274e"},
    {file = "Pillow-9.0.1-cp37-cp37m-manylinux_2_17_aarch64.manylinux2014_aarch64.whl", hash = "sha256:80fe64a6deb6fcfdf7b8386f2cf216d329be6f2781f7d90304351811fb591360"},
    {file = "Pillow-9.0.1-cp37-cp37m-manylinux_2_17_i686.manylinux2014_i686.whl", hash = "sha256:cef9c85ccbe9bee00909758936ea841ef12035296c748aaceee535969e27d31b"},
    {file = "Pillow-9.0.1-cp37-cp37m-manylinux_2_17_x86_64.manylinux2014_x86_64.whl", hash = "sha256:1d19397351f73a88904ad1aee421e800fe4bbcd1aeee6435fb62d0a05ccd1030"},
    {file = "Pillow-9.0.1-cp37-cp37m-win32.whl", hash = "sha256:d21237d0cd37acded35154e29aec853e945950321dd2ffd1a7d86fe686814669"},
    {file = "Pillow-9.0.1-cp37-cp37m-win_amd64.whl", hash = "sha256:ede5af4a2702444a832a800b8eb7f0a7a1c0eed55b644642e049c98d589e5092"},
    {file = "Pillow-9.0.1-cp38-cp38-macosx_10_10_x86_64.whl", hash = "sha256:b5b3f092fe345c03bca1e0b687dfbb39364b21ebb8ba90e3fa707374b7915204"},
    {file = "Pillow-9.0.1-cp38-cp38-macosx_11_0_arm64.whl", hash = "sha256:335ace1a22325395c4ea88e00ba3dc89ca029bd66bd5a3c382d53e44f0ccd77e"},
    {file = "Pillow-9.0.1-cp38-cp38-manylinux_2_17_aarch64.manylinux2014_aarch64.whl", hash = "sha256:db6d9fac65bd08cea7f3540b899977c6dee9edad959fa4eaf305940d9cbd861c"},
    {file = "Pillow-9.0.1-cp38-cp38-manylinux_2_17_i686.manylinux2014_i686.whl", hash = "sha256:f154d173286a5d1863637a7dcd8c3437bb557520b01bddb0be0258dcb72696b5"},
    {file = "Pillow-9.0.1-cp38-cp38-manylinux_2_17_x86_64.manylinux2014_x86_64.whl", hash = "sha256:14d4b1341ac07ae07eb2cc682f459bec932a380c3b122f5540432d8977e64eae"},
    {file = "Pillow-9.0.1-cp38-cp38-win32.whl", hash = "sha256:effb7749713d5317478bb3acb3f81d9d7c7f86726d41c1facca068a04cf5bb4c"},
    {file = "Pillow-9.0.1-cp38-cp38-win_amd64.whl", hash = "sha256:7f7609a718b177bf171ac93cea9fd2ddc0e03e84d8fa4e887bdfc39671d46b00"},
    {file = "Pillow-9.0.1-cp39-cp39-macosx_10_10_x86_64.whl", hash = "sha256:80ca33961ced9c63358056bd08403ff866512038883e74f3a4bf88ad3eb66838"},
    {file = "Pillow-9.0.1-cp39-cp39-macosx_11_0_arm64.whl", hash = "sha256:1c3c33ac69cf059bbb9d1a71eeaba76781b450bc307e2291f8a4764d779a6b28"},
    {file = "Pillow-9.0.1-cp39-cp39-manylinux_2_17_aarch64.manylinux2014_aarch64.whl", hash = "sha256:12875d118f21cf35604176872447cdb57b07126750a33748bac15e77f90f1f9c"},
    {file = "Pillow-9.0.1-cp39-cp39-manylinux_2_17_i686.manylinux2014_i686.whl", hash = "sha256:514ceac913076feefbeaf89771fd6febde78b0c4c1b23aaeab082c41c694e81b"},
    {file = "Pillow-9.0.1-cp39-cp39-manylinux_2_17_x86_64.manylinux2014_x86_64.whl", hash = "sha256:d3c5c79ab7dfce6d88f1ba639b77e77a17ea33a01b07b99840d6ed08031cb2a7"},
    {file = "Pillow-9.0.1-cp39-cp39-win32.whl", hash = "sha256:718856856ba31f14f13ba885ff13874be7fefc53984d2832458f12c38205f7f7"},
    {file = "Pillow-9.0.1-cp39-cp39-win_amd64.whl", hash = "sha256:f25ed6e28ddf50de7e7ea99d7a976d6a9c415f03adcaac9c41ff6ff41b6d86ac"},
    {file = "Pillow-9.0.1-pp37-pypy37_pp73-macosx_10_10_x86_64.whl", hash = "sha256:011233e0c42a4a7836498e98c1acf5e744c96a67dd5032a6f666cc1fb97eab97"},
    {file = "Pillow-9.0.1-pp37-pypy37_pp73-manylinux_2_17_i686.manylinux2014_i686.whl", hash = "sha256:253e8a302a96df6927310a9d44e6103055e8fb96a6822f8b7f514bb7ef77de56"},
    {file = "Pillow-9.0.1-pp37-pypy37_pp73-manylinux_2_17_x86_64.manylinux2014_x86_64.whl", hash = "sha256:6295f6763749b89c994fcb6d8a7f7ce03c3992e695f89f00b741b4580b199b7e"},
    {file = "Pillow-9.0.1-pp38-pypy38_pp73-win_amd64.whl", hash = "sha256:a9f44cd7e162ac6191491d7249cceb02b8116b0f7e847ee33f739d7cb1ea1f70"},
    {file = "Pillow-9.0.1.tar.gz", hash = "sha256:6c8bc8238a7dfdaf7a75f5ec5a663f4173f8c367e5a39f87e720495e1eed75fa"},
]
pluggy = [
    {file = "pluggy-1.0.0-py2.py3-none-any.whl", hash = "sha256:74134bbf457f031a36d68416e1509f34bd5ccc019f0bcc952c7b909d06b37bd3"},
    {file = "pluggy-1.0.0.tar.gz", hash = "sha256:4224373bacce55f955a878bf9cfa763c1e360858e330072059e10bad68531159"},
]
py = [
    {file = "py-1.11.0-py2.py3-none-any.whl", hash = "sha256:607c53218732647dff4acdfcd50cb62615cedf612e72d1724fb1a0cc6405b378"},
    {file = "py-1.11.0.tar.gz", hash = "sha256:51c75c4126074b472f746a24399ad32f6053d1b34b68d2fa41e558e6f4a98719"},
]
pycparser = [
    {file = "pycparser-2.21-py2.py3-none-any.whl", hash = "sha256:8ee45429555515e1f6b185e78100aea234072576aa43ab53aefcae078162fca9"},
    {file = "pycparser-2.21.tar.gz", hash = "sha256:e644fdec12f7872f86c58ff790da456218b10f863970249516d60a5eaca77206"},
]
pyinstaller = [
    {file = "pyinstaller-4.10-py3-none-macosx_10_13_universal2.whl", hash = "sha256:15557cd1a79d182967f0a5040750e6902e13ebd6cab41e3ed84d7b28a306357b"},
    {file = "pyinstaller-4.10-py3-none-manylinux2014_aarch64.whl", hash = "sha256:f2166ff2cd95eefb0d377ae8d1071f186fa25edd410ede65b376162d5ec41909"},
    {file = "pyinstaller-4.10-py3-none-manylinux2014_i686.whl", hash = "sha256:7d94518ba1f8e9a8577345312276891ad7d6cd9785e453e9951b35647e2c7078"},
    {file = "pyinstaller-4.10-py3-none-manylinux2014_ppc64le.whl", hash = "sha256:70c71e827f4b34602cbc7a0947a067b662c1cbdc4db51832e13b97cca3c54dd7"},
    {file = "pyinstaller-4.10-py3-none-manylinux2014_s390x.whl", hash = "sha256:05c21117b84199272ebd355b556af4714f6e79245e1c435d6f16653786d7d17e"},
    {file = "pyinstaller-4.10-py3-none-manylinux2014_x86_64.whl", hash = "sha256:714c4dcc319a41416744d1e30c6317405dfaed80d2adc45f8bfa70dc7367e664"},
    {file = "pyinstaller-4.10-py3-none-musllinux_1_1_aarch64.whl", hash = "sha256:581620bdcd32f01e89b13231256b807bb090e7eadf40c81c864ec402afa4758a"},
    {file = "pyinstaller-4.10-py3-none-musllinux_1_1_x86_64.whl", hash = "sha256:d4f79c0a774451f12baca4e476376418f011fa3039dde8fd172ea2aa8ff67bad"},
    {file = "pyinstaller-4.10-py3-none-win32.whl", hash = "sha256:cfed0b3a43e73550a43a094610328109564710b9514afa093ef7199d072cae87"},
    {file = "pyinstaller-4.10-py3-none-win_amd64.whl", hash = "sha256:0dcaf6557cdb2da763c46e06e95a94a7634ab03fb09d91bc77988b01ee05c907"},
    {file = "pyinstaller-4.10.tar.gz", hash = "sha256:7749c868d2e2dc84df7d6f65437226183c8a366f3a99bb2737785625c3a3cca1"},
]
pyinstaller-hooks-contrib = [
    {file = "pyinstaller-hooks-contrib-2022.3.tar.gz", hash = "sha256:9fa4ca03d058cba676c3cc16005076ce6a529f144c08b87c69998625fbd84e0a"},
    {file = "pyinstaller_hooks_contrib-2022.3-py2.py3-none-any.whl", hash = "sha256:9765e68552803327d58f6c5eca970bb245b7cdf073e2f912a2a3cb50360bc2d8"},
]
pyparsing = [
    {file = "pyparsing-3.0.7-py3-none-any.whl", hash = "sha256:a6c06a88f252e6c322f65faf8f418b16213b51bdfaece0524c1c1bc30c63c484"},
    {file = "pyparsing-3.0.7.tar.gz", hash = "sha256:18ee9022775d270c55187733956460083db60b37d0d0fb357445f3094eed3eea"},
]
pyscard = [
    {file = "pyscard-2.0.3-cp310-cp310-win_amd64.whl", hash = "sha256:f7748157d293f57688307f94d780c93bd3ceaf309b39b92a0af792bf1ddb82e7"},
    {file = "pyscard-2.0.3-cp37-cp37m-win_amd64.whl", hash = "sha256:be40eb1b897c8c110233c983ee7e91435ab4d18ad19b1c1a21f0d9e03883afbd"},
    {file = "pyscard-2.0.3-cp38-cp38-win_amd64.whl", hash = "sha256:2cdcf638dfb8deaf9be8216a2bdf8b1c30f8a04cb96031ab54b851f4d4cbc55c"},
    {file = "pyscard-2.0.3-cp39-cp39-win_amd64.whl", hash = "sha256:2d734d22c0bd54f29ce9589f02d2c43d0cd0a88a74f7f7a1c9dcd7c9193aa5b2"},
    {file = "pyscard-2.0.3.tar.gz", hash = "sha256:13c3e108163fac4f1237804ed20c5b1eb1bd5d5ee3e96adb60bfb6b9122f528d"},
]
pytest = [
    {file = "pytest-7.1.1-py3-none-any.whl", hash = "sha256:92f723789a8fdd7180b6b06483874feca4c48a5c76968e03bb3e7f806a1869ea"},
    {file = "pytest-7.1.1.tar.gz", hash = "sha256:841132caef6b1ad17a9afde46dc4f6cfa59a05f9555aae5151f73bdf2820ca63"},
]
pywin32 = [
    {file = "pywin32-303-cp310-cp310-win32.whl", hash = "sha256:6fed4af057039f309263fd3285d7b8042d41507343cd5fa781d98fcc5b90e8bb"},
    {file = "pywin32-303-cp310-cp310-win_amd64.whl", hash = "sha256:51cb52c5ec6709f96c3f26e7795b0bf169ee0d8395b2c1d7eb2c029a5008ed51"},
    {file = "pywin32-303-cp311-cp311-win32.whl", hash = "sha256:d9b5d87ca944eb3aa4cd45516203ead4b37ab06b8b777c54aedc35975dec0dee"},
    {file = "pywin32-303-cp311-cp311-win_amd64.whl", hash = "sha256:fcf44032f5b14fcda86028cdf49b6ebdaea091230eb0a757282aa656e4732439"},
    {file = "pywin32-303-cp36-cp36m-win32.whl", hash = "sha256:aad484d52ec58008ca36bd4ad14a71d7dd0a99db1a4ca71072213f63bf49c7d9"},
    {file = "pywin32-303-cp36-cp36m-win_amd64.whl", hash = "sha256:2a09632916b6bb231ba49983fe989f2f625cea237219530e81a69239cd0c4559"},
    {file = "pywin32-303-cp37-cp37m-win32.whl", hash = "sha256:b1675d82bcf6dbc96363fca747bac8bff6f6e4a447a4287ac652aa4b9adc796e"},
    {file = "pywin32-303-cp37-cp37m-win_amd64.whl", hash = "sha256:c268040769b48a13367221fced6d4232ed52f044ffafeda247bd9d2c6bdc29ca"},
    {file = "pywin32-303-cp38-cp38-win32.whl", hash = "sha256:5f9ec054f5a46a0f4dfd72af2ce1372f3d5a6e4052af20b858aa7df2df7d355b"},
    {file = "pywin32-303-cp38-cp38-win_amd64.whl", hash = "sha256:793bf74fce164bcffd9d57bb13c2c15d56e43c9542a7b9687b4fccf8f8a41aba"},
    {file = "pywin32-303-cp39-cp39-win32.whl", hash = "sha256:7d3271c98434617a11921c5ccf74615794d97b079e22ed7773790822735cc352"},
    {file = "pywin32-303-cp39-cp39-win_amd64.whl", hash = "sha256:79cbb862c11b9af19bcb682891c1b91942ec2ff7de8151e2aea2e175899cda34"},
]
pywin32-ctypes = [
    {file = "pywin32-ctypes-0.2.0.tar.gz", hash = "sha256:24ffc3b341d457d48e8922352130cf2644024a4ff09762a2261fd34c36ee5942"},
    {file = "pywin32_ctypes-0.2.0-py2.py3-none-any.whl", hash = "sha256:9dc2d991b3479cc2df15930958b674a48a227d5361d413827a4cfd0b5876fc98"},
]
secretstorage = [
    {file = "SecretStorage-3.3.1-py3-none-any.whl", hash = "sha256:422d82c36172d88d6a0ed5afdec956514b189ddbfb72fefab0c8a1cee4eaf71f"},
    {file = "SecretStorage-3.3.1.tar.gz", hash = "sha256:fd666c51a6bf200643495a04abb261f83229dcb6fd8472ec393df7ffc8b6f195"},
]
tomli = [
    {file = "tomli-2.0.1-py3-none-any.whl", hash = "sha256:939de3e7a6161af0c887ef91b7d41a53e7c5a1ca976325f429cb46ea9bc30ecc"},
    {file = "tomli-2.0.1.tar.gz", hash = "sha256:de526c12914f0c550d15924c62d72abc48d6fe7364aa87328337a31007fe8a4f"},
]
yubikey-manager = []
zipp = [
    {file = "zipp-3.7.0-py3-none-any.whl", hash = "sha256:b47250dd24f92b7dd6a0a8fc5244da14608f3ca90a5efcd37a3b1642fac9a375"},
    {file = "zipp-3.7.0.tar.gz", hash = "sha256:9f50f446828eb9d45b267433fd3e9da8d801f614129124863f9c51ebceafb87d"},
]
zxing-cpp = [
    {file = "zxing-cpp-1.2.0.tar.gz", hash = "sha256:342b71872844e1b703b04e1f5a60bf1932ff1b7389974ce9f1fc63d19ebb32b4"},
    {file = "zxing_cpp-1.2.0-cp37-cp37m-macosx_10_9_x86_64.whl", hash = "sha256:3f7d0996e291c6e36030e29611e5728c3d5b426e6e839b842f305d8c3d4691d9"},
    {file = "zxing_cpp-1.2.0-cp37-cp37m-manylinux2010_i686.whl", hash = "sha256:c5668ba3ae488d1faf056bc1061112e55b0363dc196bfe9e24f995a8f91f9a84"},
    {file = "zxing_cpp-1.2.0-cp37-cp37m-manylinux2010_x86_64.whl", hash = "sha256:080c991e277efef984e1b017be166128a4c35639de75395875048825db4366d3"},
    {file = "zxing_cpp-1.2.0-cp37-cp37m-win32.whl", hash = "sha256:738216a2b96c61c43eda810a6858b81472467adddd6e712e0ead1250cfb396a2"},
    {file = "zxing_cpp-1.2.0-cp37-cp37m-win_amd64.whl", hash = "sha256:09baf7e96e871b95f2295e8383e749de9da709328f181aff3e3a82c8b044a24c"},
    {file = "zxing_cpp-1.2.0-cp38-cp38-macosx_10_9_x86_64.whl", hash = "sha256:189f8d476f5bb8a4027a681963625941671d1eecbe4d5755ba5aae61fe8d9f35"},
    {file = "zxing_cpp-1.2.0-cp38-cp38-manylinux2010_i686.whl", hash = "sha256:4024e7e9452a85e4a05e5f2c65216e46533c31964c4d77c3b4e0e28f66182b20"},
    {file = "zxing_cpp-1.2.0-cp38-cp38-manylinux2010_x86_64.whl", hash = "sha256:715911447c8a361c0ed2add860e186755651ba540ef7c947986b82bccd417dba"},
    {file = "zxing_cpp-1.2.0-cp38-cp38-win32.whl", hash = "sha256:1ac49f1e750d9383a15d93de47f8f60587561f74b3377f8aa678e2e77062e9a8"},
    {file = "zxing_cpp-1.2.0-cp38-cp38-win_amd64.whl", hash = "sha256:37b008de65808479ce8697f7b62ca24a8880322dea79bc690e8cc6f705a29e1b"},
    {file = "zxing_cpp-1.2.0-cp39-cp39-macosx_10_9_x86_64.whl", hash = "sha256:190386da493ab2fa133a83fea6964cf90ea22fa18770c3783594ed0310b91018"},
    {file = "zxing_cpp-1.2.0-cp39-cp39-manylinux2010_i686.whl", hash = "sha256:2f83363b4f96d0bd83748ed76f78f2a5452c4c5df42c74538e11d38e49bf3b13"},
    {file = "zxing_cpp-1.2.0-cp39-cp39-manylinux2010_x86_64.whl", hash = "sha256:3ee7d5208474cc81901e17a89a42258d4e6da8693d51a831bb5eb6bfa6da19fb"},
    {file = "zxing_cpp-1.2.0-cp39-cp39-win32.whl", hash = "sha256:04726ec5da54ff92b8fe8735050685722631aaef96126d068dab59d4dde6e568"},
    {file = "zxing_cpp-1.2.0-cp39-cp39-win_amd64.whl", hash = "sha256:f5929c1f950027f1eb74fd3fd2ceecd6da649b9293dc9cbbad2d3bac2214ace1"},
]
